{
  "name": "soundvast",
  "version": "1.0.0",
  "lockfileVersion": 1,
  "requires": true,
  "dependencies": {
    "asap": {
      "version": "2.0.6",
      "resolved": "https://registry.npmjs.org/asap/-/asap-2.0.6.tgz",
      "integrity": "sha1-5QNHYR1+aQlDIIu9r+vLwvuGbUY="
    },
    "core-js": {
      "version": "1.2.7",
      "resolved": "https://registry.npmjs.org/core-js/-/core-js-1.2.7.tgz",
      "integrity": "sha1-ZSKUwUZR2yj6k70tX/KYOk8IxjY="
    },
    "create-react-class": {
      "version": "15.6.3",
      "resolved": "https://registry.npmjs.org/create-react-class/-/create-react-class-15.6.3.tgz",
      "integrity": "sha512-M+/3Q6E6DLO6Yx3OwrWjwHBnvfXXYA7W+dFjt/ZDBemHO1DDZhsalX/NUtnTYclN6GfnBDRh4qRHjcDHmlJBJg==",
      "requires": {
        "fbjs": "0.8.16",
        "loose-envify": "1.3.1",
        "object-assign": "4.1.1"
      }
    },
    "dotenv": {
      "version": "5.0.0",
      "resolved": "https://registry.npmjs.org/dotenv/-/dotenv-5.0.0.tgz",
      "integrity": "sha512-p4A7snaxI9Hnj3GDWhTpckHYcd9WwZDmGPcvJJV3CoRFq0Dvsp96eYgXBl9WbmbJfuxqiZ2WenNaeWSs675ghQ=="
    },
    "encoding": {
      "version": "0.1.12",
      "resolved": "https://registry.npmjs.org/encoding/-/encoding-0.1.12.tgz",
      "integrity": "sha1-U4tm8+5izRq1HsMjgp0flIDHS+s=",
      "requires": {
        "iconv-lite": "0.4.19"
      }
    },
    "fbjs": {
      "version": "0.8.16",
      "resolved": "https://registry.npmjs.org/fbjs/-/fbjs-0.8.16.tgz",
      "integrity": "sha1-XmdDL1UNxBtXK/VYR7ispk5TN9s=",
      "requires": {
        "core-js": "1.2.7",
        "isomorphic-fetch": "2.2.1",
        "loose-envify": "1.3.1",
        "object-assign": "4.1.1",
        "promise": "7.3.1",
        "setimmediate": "1.0.5",
        "ua-parser-js": "0.7.17"
      },
      "dependencies": {
        "isomorphic-fetch": {
          "version": "2.2.1",
          "resolved": "https://registry.npmjs.org/isomorphic-fetch/-/isomorphic-fetch-2.2.1.tgz",
          "integrity": "sha1-YRrhrPFPXoH3KVB0coGf6XM1WKk=",
          "requires": {
            "node-fetch": "1.7.3",
            "whatwg-fetch": "2.0.3"
          }
        }
      }
    },
    "graphql": {
      "version": "https://registry.npmjs.org/graphql/-/graphql-0.11.3.tgz",
      "integrity": "sha1-mTTi3yjxfTl6hfg8s50dF5v/70c=",
      "requires": {
        "iterall": "1.1.4"
      }
    },
    "iconv-lite": {
      "version": "0.4.19",
      "resolved": "https://registry.npmjs.org/iconv-lite/-/iconv-lite-0.4.19.tgz",
      "integrity": "sha512-oTZqweIP51xaGPI4uPa56/Pri/480R+mo7SeU+YETByQNhDG55ycFyNLIgta9vXhILrxXDmF7ZGhqZIcuN0gJQ=="
    },
    "invariant": {
      "version": "2.2.2",
      "resolved": "https://registry.npmjs.org/invariant/-/invariant-2.2.2.tgz",
      "integrity": "sha1-nh9WrArNtr8wMwbzOL47IErmA2A=",
      "requires": {
        "loose-envify": "1.3.1"
      }
    },
    "is-stream": {
      "version": "1.1.0",
      "resolved": "https://registry.npmjs.org/is-stream/-/is-stream-1.1.0.tgz",
      "integrity": "sha1-EtSj3U5o4Lec6428hBc66A2RykQ="
    },
    "iterall": {
      "version": "1.1.4",
      "resolved": "https://registry.npmjs.org/iterall/-/iterall-1.1.4.tgz",
      "integrity": "sha512-eaDsM/PY8D/X5mYQhecVc5/9xvSHED7yPON+ffQroBeTuqUVm7dfphMkK8NksXuImqZlVRoKtrNfMIVCYIqaUQ=="
    },
    "js-tokens": {
      "version": "3.0.2",
      "resolved": "https://registry.npmjs.org/js-tokens/-/js-tokens-3.0.2.tgz",
      "integrity": "sha1-mGbfOVECEw449/mWvOtlRDIJwls="
    },
    "lodash-es": {
      "version": "4.17.5",
      "resolved": "https://registry.npmjs.org/lodash-es/-/lodash-es-4.17.5.tgz",
      "integrity": "sha512-Ez3ONp3TK9gX1HYKp6IhetcVybD+2F+Yp6GS9dfH8ue6EOCEzQtQEh4K0FYWBP9qLv+lzeQAYXw+3ySfxyZqkw=="
    },
    "lodash.maxby": {
      "version": "4.6.0",
      "resolved": "https://registry.npmjs.org/lodash.maxby/-/lodash.maxby-4.6.0.tgz",
      "integrity": "sha1-CCJABo88eiJ6oAqDgOTzjPB4bj0="
    },
    "lodash.merge": {
      "version": "4.6.1",
      "resolved": "https://registry.npmjs.org/lodash.merge/-/lodash.merge-4.6.1.tgz",
      "integrity": "sha512-AOYza4+Hf5z1/0Hztxpm2/xiPZgi/cjMqdnKTUWTBSKchJlxXXuUSxCCl8rJlf4g6yww/j6mA8nC8Hw/EZWxKQ=="
    },
    "loose-envify": {
      "version": "1.3.1",
      "resolved": "https://registry.npmjs.org/loose-envify/-/loose-envify-1.3.1.tgz",
      "integrity": "sha1-0aitM/qc4OcT1l/dCsi3SNR4yEg=",
      "requires": {
        "js-tokens": "3.0.2"
      }
    },
    "node-fetch": {
      "version": "1.7.3",
      "resolved": "https://registry.npmjs.org/node-fetch/-/node-fetch-1.7.3.tgz",
      "integrity": "sha512-NhZ4CsKx7cYm2vSrBAr2PvFOe6sWDf0UYLRqA6svUYg7+/TSfVAu49jYC4BvQ4Sms9SZgdqGBgroqfDhJdTyKQ==",
      "requires": {
        "encoding": "0.1.12",
        "is-stream": "1.1.0"
      }
    },
    "object-assign": {
      "version": "4.1.1",
      "resolved": "https://registry.npmjs.org/object-assign/-/object-assign-4.1.1.tgz",
      "integrity": "sha1-IQmtx5ZYh8/AXLvUQsrIv7s2CGM="
    },
    "performance-now": {
      "version": "0.2.0",
      "resolved": "https://registry.npmjs.org/performance-now/-/performance-now-0.2.0.tgz",
      "integrity": "sha1-M+8wxcd9TqIcWlOGnZG1bY8lVeU="
    },
    "promise": {
      "version": "7.3.1",
      "resolved": "https://registry.npmjs.org/promise/-/promise-7.3.1.tgz",
      "integrity": "sha512-nolQXZ/4L+bP/UGlkfaIujX9BKxGwmQ9OT4mOt5yvy8iK1h3wqTEJCijzGANTCCl9nWjY41juyAn2K3Q1hLLTg==",
      "requires": {
        "asap": "2.0.6"
      }
    },
    "raf": {
      "version": "3.4.0",
      "resolved": "https://registry.npmjs.org/raf/-/raf-3.4.0.tgz",
      "integrity": "sha512-pDP/NMRAXoTfrhCfyfSEwJAKLaxBU9eApMeBPB1TkDouZmvPerIClV8lTAd+uF8ZiTaVl69e1FCxQrAd/VTjGw==",
      "requires": {
        "performance-now": "2.1.0"
      },
      "dependencies": {
        "performance-now": {
          "version": "2.1.0",
          "resolved": "https://registry.npmjs.org/performance-now/-/performance-now-2.1.0.tgz",
          "integrity": "sha1-Ywn04OX6kT7BxpMHrjZLSzd8nns="
        }
      }
    },
    "react-jplayer": {
      "version": "https://registry.npmjs.org/react-jplayer/-/react-jplayer-7.1.2.tgz",
      "integrity": "sha1-iG8/cZ2+MXni4Omd/KM2KKiukPQ=",
      "requires": {
        "classnames": "2.2.5",
        "lodash.merge": "4.6.1",
        "prop-types": "15.6.0",
        "react": "https://registry.npmjs.org/react/-/react-15.6.2.tgz",
        "react-jplayer-utils": "https://registry.npmjs.org/react-jplayer-utils/-/react-jplayer-utils-3.1.5.tgz",
        "react-motion": "https://registry.npmjs.org/react-motion/-/react-motion-0.5.2.tgz",
        "recompose": "https://registry.npmjs.org/recompose/-/recompose-0.24.0.tgz",
        "screenfull": "3.3.2"
      },
      "dependencies": {
        "classnames": {
          "version": "2.2.5",
          "resolved": "https://registry.npmjs.org/classnames/-/classnames-2.2.5.tgz",
          "integrity": "sha1-+zgB1FNGdknvNgPH1hoCvRKb3m0="
        },
        "hoist-non-react-statics": {
          "version": "https://registry.npmjs.org/hoist-non-react-statics/-/hoist-non-react-statics-1.2.0.tgz",
          "integrity": "sha1-qkSM8JhtVcxAdzsXF0t90GbLfPs="
        },
        "isomorphic-fetch": {
          "version": "2.2.1",
          "resolved": "https://registry.npmjs.org/isomorphic-fetch/-/isomorphic-fetch-2.2.1.tgz",
          "integrity": "sha1-YRrhrPFPXoH3KVB0coGf6XM1WKk=",
          "requires": {
            "node-fetch": "1.7.3",
            "whatwg-fetch": "2.0.3"
          }
        },
        "prop-types": {
          "version": "15.6.0",
          "resolved": "https://registry.npmjs.org/prop-types/-/prop-types-15.6.0.tgz",
          "integrity": "sha1-zq8IMCL8RrSjX2nhPvda7Q1jmFY=",
          "requires": {
            "fbjs": "0.8.16",
            "loose-envify": "1.3.1",
            "object-assign": "4.1.1"
          },
          "dependencies": {
            "fbjs": {
              "version": "0.8.16",
              "resolved": "https://registry.npmjs.org/fbjs/-/fbjs-0.8.16.tgz",
              "integrity": "sha1-XmdDL1UNxBtXK/VYR7ispk5TN9s=",
              "requires": {
                "core-js": "1.2.7",
                "isomorphic-fetch": "2.2.1",
                "loose-envify": "1.3.1",
                "object-assign": "4.1.1",
                "promise": "7.3.1",
                "setimmediate": "1.0.5",
                "ua-parser-js": "0.7.17"
              }
            },
            "loose-envify": {
              "version": "1.3.1",
              "resolved": "https://registry.npmjs.org/loose-envify/-/loose-envify-1.3.1.tgz",
              "integrity": "sha1-0aitM/qc4OcT1l/dCsi3SNR4yEg=",
              "requires": {
                "js-tokens": "3.0.2"
              }
            },
            "object-assign": {
              "version": "4.1.1",
              "resolved": "https://registry.npmjs.org/object-assign/-/object-assign-4.1.1.tgz",
              "integrity": "sha1-IQmtx5ZYh8/AXLvUQsrIv7s2CGM="
            }
          }
        },
        "react": {
          "version": "https://registry.npmjs.org/react/-/react-15.6.2.tgz",
          "integrity": "sha1-26BDSrQ5z+gvEI8PURZjkIF5qnI=",
          "requires": {
            "create-react-class": "15.6.3",
            "fbjs": "0.8.16",
            "loose-envify": "1.3.1",
            "object-assign": "4.1.1",
            "prop-types": "15.6.0"
          },
          "dependencies": {
            "loose-envify": {
              "version": "1.3.1",
              "resolved": "https://registry.npmjs.org/loose-envify/-/loose-envify-1.3.1.tgz",
              "integrity": "sha1-0aitM/qc4OcT1l/dCsi3SNR4yEg=",
              "requires": {
                "js-tokens": "3.0.2"
              }
            },
            "object-assign": {
              "version": "4.1.1",
              "resolved": "https://registry.npmjs.org/object-assign/-/object-assign-4.1.1.tgz",
              "integrity": "sha1-IQmtx5ZYh8/AXLvUQsrIv7s2CGM="
            }
          }
        },
        "recompose": {
          "version": "https://registry.npmjs.org/recompose/-/recompose-0.24.0.tgz",
          "integrity": "sha1-Ji6T+XRDnrF+d3mCTYjM6QSSpd0=",
          "requires": {
            "change-emitter": "0.1.6",
            "fbjs": "0.8.16",
            "hoist-non-react-statics": "https://registry.npmjs.org/hoist-non-react-statics/-/hoist-non-react-statics-1.2.0.tgz",
            "symbol-observable": "1.2.0"
          },
          "dependencies": {
            "change-emitter": {
              "version": "0.1.6",
              "resolved": "https://registry.npmjs.org/change-emitter/-/change-emitter-0.1.6.tgz",
              "integrity": "sha1-6LL+PX8at9aaMhma/5HqaTFAlRU="
            },
            "symbol-observable": {
              "version": "1.2.0",
              "resolved": "https://registry.npmjs.org/symbol-observable/-/symbol-observable-1.2.0.tgz",
              "integrity": "sha512-e900nM8RRtGhlV36KGEU9k65K3mPb1WV70OdjfxlG2EAuM1noi/E/BaW/uMhL7bPEssK8QV57vN3esixjUvcXQ=="
            }
          }
        }
      }
    },
    "react-jplayer-utils": {
      "version": "https://registry.npmjs.org/react-jplayer-utils/-/react-jplayer-utils-3.1.5.tgz",
      "integrity": "sha1-L2PI7lW383x+/AkkHS42ZR5Bmnk=",
      "requires": {
        "prop-types": "15.6.0",
        "react-redux": "5.0.6",
        "recompose": "https://registry.npmjs.org/recompose/-/recompose-0.25.1.tgz"
      },
      "dependencies": {
        "isomorphic-fetch": {
          "version": "2.2.1",
          "resolved": "https://registry.npmjs.org/isomorphic-fetch/-/isomorphic-fetch-2.2.1.tgz",
          "integrity": "sha1-YRrhrPFPXoH3KVB0coGf6XM1WKk=",
          "requires": {
            "node-fetch": "1.7.3",
            "whatwg-fetch": "2.0.3"
          }
        },
        "lodash": {
          "version": "4.17.5",
          "resolved": "https://registry.npmjs.org/lodash/-/lodash-4.17.5.tgz",
          "integrity": "sha512-svL3uiZf1RwhH+cWrfZn3A4+U58wbP0tGVTLQPbjplZxZ8ROD9VLuNgsRniTlLe7OlSqR79RUehXgpBW/s0IQw=="
        },
        "prop-types": {
          "version": "15.6.0",
          "resolved": "https://registry.npmjs.org/prop-types/-/prop-types-15.6.0.tgz",
          "integrity": "sha1-zq8IMCL8RrSjX2nhPvda7Q1jmFY=",
          "requires": {
            "fbjs": "0.8.16",
            "loose-envify": "1.3.1",
            "object-assign": "4.1.1"
          },
          "dependencies": {
            "fbjs": {
              "version": "0.8.16",
              "resolved": "https://registry.npmjs.org/fbjs/-/fbjs-0.8.16.tgz",
              "integrity": "sha1-XmdDL1UNxBtXK/VYR7ispk5TN9s=",
              "requires": {
                "core-js": "1.2.7",
                "isomorphic-fetch": "2.2.1",
                "loose-envify": "1.3.1",
                "object-assign": "4.1.1",
                "promise": "7.3.1",
                "setimmediate": "1.0.5",
                "ua-parser-js": "0.7.17"
              }
            }
          }
        },
        "react-redux": {
          "version": "5.0.6",
          "resolved": "https://registry.npmjs.org/react-redux/-/react-redux-5.0.6.tgz",
          "integrity": "sha512-8taaaGu+J7PMJQDJrk/xiWEYQmdo3mkXw6wPr3K3LxvXis3Fymiq7c13S+Tpls/AyNUAsoONkU81AP0RA6y6Vw==",
          "requires": {
            "hoist-non-react-statics": "2.3.1",
            "invariant": "2.2.2",
            "lodash": "4.17.5",
            "lodash-es": "4.17.5",
            "loose-envify": "1.3.1",
            "prop-types": "15.6.0"
          },
          "dependencies": {
            "hoist-non-react-statics": {
              "version": "2.3.1",
              "resolved": "https://registry.npmjs.org/hoist-non-react-statics/-/hoist-non-react-statics-2.3.1.tgz",
              "integrity": "sha1-ND24TGAYxlB3iJgkATWhQg7iLOA="
            }
          }
        },
        "recompose": {
          "version": "https://registry.npmjs.org/recompose/-/recompose-0.25.1.tgz",
          "integrity": "sha1-XrnWz24lqf+tc8u65WWLW1XW5yg=",
          "requires": {
            "change-emitter": "0.1.6",
            "fbjs": "0.8.16",
            "hoist-non-react-statics": "2.3.1",
            "symbol-observable": "1.2.0"
          },
          "dependencies": {
            "change-emitter": {
              "version": "0.1.6",
              "resolved": "https://registry.npmjs.org/change-emitter/-/change-emitter-0.1.6.tgz",
              "integrity": "sha1-6LL+PX8at9aaMhma/5HqaTFAlRU="
            },
            "fbjs": {
              "version": "0.8.16",
              "resolved": "https://registry.npmjs.org/fbjs/-/fbjs-0.8.16.tgz",
              "integrity": "sha1-XmdDL1UNxBtXK/VYR7ispk5TN9s=",
              "requires": {
                "core-js": "1.2.7",
                "isomorphic-fetch": "2.2.1",
                "loose-envify": "1.3.1",
                "object-assign": "4.1.1",
                "promise": "7.3.1",
                "setimmediate": "1.0.5",
                "ua-parser-js": "0.7.17"
              }
            },
            "hoist-non-react-statics": {
              "version": "2.3.1",
              "resolved": "https://registry.npmjs.org/hoist-non-react-statics/-/hoist-non-react-statics-2.3.1.tgz",
              "integrity": "sha1-ND24TGAYxlB3iJgkATWhQg7iLOA="
            },
            "symbol-observable": {
              "version": "1.2.0",
              "resolved": "https://registry.npmjs.org/symbol-observable/-/symbol-observable-1.2.0.tgz",
              "integrity": "sha512-e900nM8RRtGhlV36KGEU9k65K3mPb1WV70OdjfxlG2EAuM1noi/E/BaW/uMhL7bPEssK8QV57vN3esixjUvcXQ=="
            }
          }
        }
      }
    },
    "react-jplaylist": {
      "version": "https://registry.npmjs.org/react-jplaylist/-/react-jplaylist-3.1.3.tgz",
      "integrity": "sha1-PFwClTxffOcVXDNjEhMhXqtkR70=",
      "requires": {
        "classnames": "2.2.5",
        "lodash.maxby": "4.6.0",
        "lodash.merge": "4.6.1",
        "prop-types": "15.6.0",
        "react": "15.6.2",
        "react-jplayer": "https://registry.npmjs.org/react-jplayer/-/react-jplayer-7.1.2.tgz",
        "react-jplayer-utils": "https://registry.npmjs.org/react-jplayer-utils/-/react-jplayer-utils-3.1.5.tgz",
        "react-redux": "5.0.6",
        "recompose": "https://registry.npmjs.org/recompose/-/recompose-0.25.1.tgz"
      },
      "dependencies": {
        "classnames": {
          "version": "2.2.5",
          "resolved": "https://registry.npmjs.org/classnames/-/classnames-2.2.5.tgz",
          "integrity": "sha1-+zgB1FNGdknvNgPH1hoCvRKb3m0="
        },
        "lodash": {
          "version": "4.17.5",
          "resolved": "https://registry.npmjs.org/lodash/-/lodash-4.17.5.tgz",
          "integrity": "sha512-svL3uiZf1RwhH+cWrfZn3A4+U58wbP0tGVTLQPbjplZxZ8ROD9VLuNgsRniTlLe7OlSqR79RUehXgpBW/s0IQw=="
        },
        "prop-types": {
          "version": "15.6.0",
          "resolved": "https://registry.npmjs.org/prop-types/-/prop-types-15.6.0.tgz",
          "integrity": "sha1-zq8IMCL8RrSjX2nhPvda7Q1jmFY=",
          "requires": {
            "fbjs": "0.8.16",
            "loose-envify": "1.3.1",
            "object-assign": "4.1.1"
          }
        },
        "react": {
          "version": "15.6.2",
          "resolved": "https://registry.npmjs.org/react/-/react-15.6.2.tgz",
          "integrity": "sha1-26BDSrQ5z+gvEI8PURZjkIF5qnI=",
          "requires": {
            "create-react-class": "15.6.3",
            "fbjs": "0.8.16",
            "loose-envify": "1.3.1",
            "object-assign": "4.1.1",
            "prop-types": "15.6.0"
          },
          "dependencies": {
            "create-react-class": {
              "version": "15.6.3",
              "resolved": "https://registry.npmjs.org/create-react-class/-/create-react-class-15.6.3.tgz",
              "integrity": "sha512-M+/3Q6E6DLO6Yx3OwrWjwHBnvfXXYA7W+dFjt/ZDBemHO1DDZhsalX/NUtnTYclN6GfnBDRh4qRHjcDHmlJBJg==",
              "requires": {
                "fbjs": "0.8.16",
                "loose-envify": "1.3.1",
                "object-assign": "4.1.1"
              }
            }
          }
        },
        "react-redux": {
          "version": "5.0.6",
          "resolved": "https://registry.npmjs.org/react-redux/-/react-redux-5.0.6.tgz",
          "integrity": "sha512-8taaaGu+J7PMJQDJrk/xiWEYQmdo3mkXw6wPr3K3LxvXis3Fymiq7c13S+Tpls/AyNUAsoONkU81AP0RA6y6Vw==",
          "requires": {
            "hoist-non-react-statics": "2.3.1",
            "invariant": "2.2.2",
            "lodash": "4.17.5",
            "lodash-es": "4.17.5",
            "loose-envify": "1.3.1",
            "prop-types": "15.6.0"
          },
          "dependencies": {
            "hoist-non-react-statics": {
              "version": "2.3.1",
              "resolved": "https://registry.npmjs.org/hoist-non-react-statics/-/hoist-non-react-statics-2.3.1.tgz",
              "integrity": "sha1-ND24TGAYxlB3iJgkATWhQg7iLOA="
            }
          }
        },
        "recompose": {
          "version": "https://registry.npmjs.org/recompose/-/recompose-0.25.1.tgz",
          "integrity": "sha1-XrnWz24lqf+tc8u65WWLW1XW5yg=",
          "requires": {
            "change-emitter": "0.1.6",
            "fbjs": "0.8.16",
            "hoist-non-react-statics": "2.3.1",
            "symbol-observable": "1.2.0"
          },
          "dependencies": {
            "change-emitter": {
              "version": "0.1.6",
              "resolved": "https://registry.npmjs.org/change-emitter/-/change-emitter-0.1.6.tgz",
              "integrity": "sha1-6LL+PX8at9aaMhma/5HqaTFAlRU="
            },
            "hoist-non-react-statics": {
              "version": "2.3.1",
              "resolved": "https://registry.npmjs.org/hoist-non-react-statics/-/hoist-non-react-statics-2.3.1.tgz",
              "integrity": "sha1-ND24TGAYxlB3iJgkATWhQg7iLOA="
            },
            "symbol-observable": {
              "version": "1.2.0",
              "resolved": "https://registry.npmjs.org/symbol-observable/-/symbol-observable-1.2.0.tgz",
              "integrity": "sha512-e900nM8RRtGhlV36KGEU9k65K3mPb1WV70OdjfxlG2EAuM1noi/E/BaW/uMhL7bPEssK8QV57vN3esixjUvcXQ=="
            }
          }
        }
      }
    },
    "react-motion": {
      "version": "https://registry.npmjs.org/react-motion/-/react-motion-0.5.2.tgz",
      "integrity": "sha1-DdOmnkETFlZ5J5F8ZiZVG6BgcxY=",
      "requires": {
        "performance-now": "0.2.0",
        "prop-types": "15.6.0",
        "raf": "3.4.0"
      },
      "dependencies": {
        "prop-types": {
          "version": "15.6.0",
          "resolved": "https://registry.npmjs.org/prop-types/-/prop-types-15.6.0.tgz",
          "integrity": "sha1-zq8IMCL8RrSjX2nhPvda7Q1jmFY=",
          "requires": {
            "fbjs": "0.8.16",
            "loose-envify": "1.3.1",
            "object-assign": "4.1.1"
          }
        }
      }
    },
    "screenfull": {
      "version": "3.3.2",
      "resolved": "https://registry.npmjs.org/screenfull/-/screenfull-3.3.2.tgz",
      "integrity": "sha512-zrnT8EidEWGFkmXEa1d/YUYNvvJaMX05g4O82K+Oiy9jR6Fh3ZTsovsccJOjRJyhS0KPV7AQpDFQRAYXBl9a5A=="
    },
    "setimmediate": {
      "version": "1.0.5",
      "resolved": "https://registry.npmjs.org/setimmediate/-/setimmediate-1.0.5.tgz",
      "integrity": "sha1-KQy7Iy4waULX1+qbg3Mqt4VvgoU="
    },
    "ua-parser-js": {
      "version": "0.7.17",
      "resolved": "https://registry.npmjs.org/ua-parser-js/-/ua-parser-js-0.7.17.tgz",
      "integrity": "sha512-uRdSdu1oA1rncCQL7sCj8vSyZkgtL7faaw9Tc9rZ3mGgraQ7+Pdx7w5mnOSF3gw9ZNG6oc+KXfkon3bKuROm0g=="
    },
    "whatwg-fetch": {
      "version": "2.0.3",
      "resolved": "https://registry.npmjs.org/whatwg-fetch/-/whatwg-fetch-2.0.3.tgz",
      "integrity": "sha1-nITsLc9oGH/wC8ZOEnS0QhduHIQ="
    }
  }
}
